
Microsoft Visual Studio Solution File, Format Version 12.00
# Visual Studio Version 16
VisualStudioVersion = 16.0.29728.190
MinimumVisualStudioVersion = 10.0.40219.1
Project("{FAE04EC0-301F-11D3-BF4B-00C04F79EFBC}") = "TutoMVC", "TutoMVC\TutoMVC.csproj", "{3FAE281E-66AA-465B-BEE9-F9C474CBEED7}"
EndProject
Project("{FAE04EC0-301F-11D3-BF4B-00C04F79EFBC}") = "MVC-NEW", "MVC-NEW\MVC-NEW.csproj", "{9AE405CA-36E4-4279-BEE3-256F5BE09859}"
EndProject
Global
	GlobalSection(SolutionConfigurationPlatforms) = preSolution
		Debug|Any CPU = Debug|Any CPU
		Release|Any CPU = Release|Any CPU
	EndGlobalSection
	GlobalSection(ProjectConfigurationPlatforms) = postSolution
		{3FAE281E-66AA-465B-BEE9-F9C474CBEED7}.Debug|Any CPU.ActiveCfg = Debug|Any CPU
		{3FAE281E-66AA-465B-BEE9-F9C474CBEED7}.Debug|Any CPU.Build.0 = Debug|Any CPU
		{3FAE281E-66AA-465B-BEE9-F9C474CBEED7}.Release|Any CPU.ActiveCfg = Release|Any CPU
		{3FAE281E-66AA-465B-BEE9-F9C474CBEED7}.Release|Any CPU.Build.0 = Release|Any CPU
		{9AE405CA-36E4-4279-BEE3-256F5BE09859}.Debug|Any CPU.ActiveCfg = Debug|Any CPU
		{9AE405CA-36E4-4279-BEE3-256F5BE09859}.Debug|Any CPU.Build.0 = Debug|Any CPU
		{9AE405CA-36E4-4279-BEE3-256F5BE09859}.Release|Any CPU.ActiveCfg = Release|Any CPU
		{9AE405CA-36E4-4279-BEE3-256F5BE09859}.Release|Any CPU.Build.0 = Release|Any CPU
	EndGlobalSection
	GlobalSection(SolutionProperties) = preSolution
		HideSolutionNode = FALSE
	EndGlobalSection
	GlobalSection(ExtensibilityGlobals) = postSolution
		SolutionGuid = {20512EA7-B4CB-444C-AC09-4BA44698C121}
	EndGlobalSection
EndGlobal
